{
  "name": "eatodo",
  "version": "0.0.2",
  "lockfileVersion": 1,
  "requires": true,
  "dependencies": {
    "angular": {
      "version": "1.7.3",
      "resolved": "https://registry.npmjs.org/angular/-/angular-1.7.3.tgz",
      "integrity": "sha512-hQRhU56shs72y88cS0Uy9g+UAMHoztJ3V+r+iF8o1AK/Bpu8ewmjFDk9j2LjSuN05a9mhxW1rOHnYKOwyTS/Zg=="
    },
    "angular-animate": {
      "version": "1.7.3",
      "resolved": "https://registry.npmjs.org/angular-animate/-/angular-animate-1.7.3.tgz",
      "integrity": "sha512-RIYQhql+jUU13jwTrXemSMYTfbGuLBr7jh67R3UbR2yCQ8IOxcXHn2tx+hm8PwXX8agsFAQjWSPP5wam5ecuSg=="
    },
    "angular-aria": {
      "version": "1.7.3",
      "resolved": "https://registry.npmjs.org/angular-aria/-/angular-aria-1.7.3.tgz",
      "integrity": "sha512-5D8+W5BlbqPGqu1ybLSRp+HnbZJ1DnuLO8heIxUH14n5JwXrHMpB6jZJ2LlGn4pkVkG7WA/xhvM9NPHUf4cIYg=="
    },
    "angular-jsoneditor": {
      "version": "0.0.2",
      "resolved": "https://registry.npmjs.org/angular-jsoneditor/-/angular-jsoneditor-0.0.2.tgz",
      "integrity": "sha1-fXqEQOtSommLw75q8GkVzsqhGH8=",
      "requires": {
        "angular": "^1.6.1"
      }
    },
    "angular-material": {
      "version": "1.1.10",
      "resolved": "https://registry.npmjs.org/angular-material/-/angular-material-1.1.10.tgz",
      "integrity": "sha512-LfBt5a1AVPbtsFzbmAyyZj90Gtc1U94OGtfMEauGzwsfqTnbH/y/9dtndH84N9S65wXkBoBe3VG6kfyoQSeCVw=="
    },
    "async": {
      "version": "1.0.0",
      "resolved": "https://registry.npmjs.org/async/-/async-1.0.0.tgz",
      "integrity": "sha1-+PwEyjoTeErenhZBr5hXjPvWR6k="
    },
    "colors": {
      "version": "1.0.3",
      "resolved": "https://registry.npmjs.org/colors/-/colors-1.0.3.tgz",
      "integrity": "sha1-BDP0TYCWgP3rYO0mDxsMJi6CpAs="
    },
    "cycle": {
      "version": "1.0.3",
      "resolved": "https://registry.npmjs.org/cycle/-/cycle-1.0.3.tgz",
      "integrity": "sha1-IegLK+hYD5i0aPN5QwZisEbDStI="
    },
    "debug": {
      "version": "2.6.9",
      "resolved": "https://registry.npmjs.org/debug/-/debug-2.6.9.tgz",
      "integrity": "sha512-bC7ElrdJaJnPbAP+1EotYvqZsb3ecl5wi6Bfi6BJTUcNowp6cvspg0jXznRTKDjm/E7AdgFBVeAPVMNcKGsHMA==",
      "requires": {
        "ms": "2.0.0"
      }
    },
    "electron-squirrel-startup": {
      "version": "1.0.0",
      "resolved": "https://registry.npmjs.org/electron-squirrel-startup/-/electron-squirrel-startup-1.0.0.tgz",
      "integrity": "sha1-GbTlWTP6Dvj1VnhLnGYPdyVGoLg=",
      "requires": {
        "debug": "^2.2.0"
      }
    },
    "eyes": {
      "version": "0.1.8",
      "resolved": "https://registry.npmjs.org/eyes/-/eyes-0.1.8.tgz",
      "integrity": "sha1-Ys8SAjTGg3hdkCNIqADvPgzCC8A="
    },
    "isstream": {
      "version": "0.1.2",
      "resolved": "https://registry.npmjs.org/isstream/-/isstream-0.1.2.tgz",
      "integrity": "sha1-R+Y/evVa+m+S4VAOaQ64uFKcCZo="
    },
    "jsonformatter": {
      "version": "0.7.0",
      "resolved": "https://registry.npmjs.org/jsonformatter/-/jsonformatter-0.7.0.tgz",
      "integrity": "sha512-5+cKiuSK+jxgycpC6Pcs4uj15dd4NRim8f7fLlDwxtuelOe9awp94I4MC4BPDQxSfNoN99dTliqczNSVat2+DA=="
    },
    "ms": {
      "version": "2.0.0",
      "resolved": "https://registry.npmjs.org/ms/-/ms-2.0.0.tgz",
      "integrity": "sha1-VgiurfwAvmwpAd9fmGF4jeDVl8g="
    },
    "stack-trace": {
      "version": "0.0.10",
      "resolved": "https://registry.npmjs.org/stack-trace/-/stack-trace-0.0.10.tgz",
      "integrity": "sha1-VHxws0fo0ytOEI6hoqFZ5f3eGcA="
    },
    "winston": {
      "version": "2.4.3",
      "resolved": "https://registry.npmjs.org/winston/-/winston-2.4.3.tgz",
      "integrity": "sha512-GYKuysPz2pxYAVJD2NPsDLP5Z79SDEzPm9/j4tCjkF/n89iBNGBMJcR+dMUqxgPNgoSs6fVygPi+Vl2oxIpBuw==",
      "requires": {
        "async": "~1.0.0",
        "colors": "1.0.x",
        "cycle": "1.0.x",
        "eyes": "0.1.x",
        "isstream": "0.1.x",
        "stack-trace": "0.0.x"
      }
    }
  }
}
